
Microsoft Visual Studio Solution File, Format Version 12.00
Project("{FAE04EC0-301F-11D3-BF4B-00C04F79EFBC}") = "Web", "Web\Web.csproj", "{605FBB79-1AF9-48FA-A205-213FD37FC9E6}"
EndProject
Project("{FAE04EC0-301F-11D3-BF4B-00C04F79EFBC}") = "Core", "Core\Core.csproj", "{0F0098DE-01A3-4FFA-BEBB-111824D83925}"
EndProject
Project("{FAE04EC0-301F-11D3-BF4B-00C04F79EFBC}") = "TestsCore", "TestsCore\TestsCore.csproj", "{0BED2583-B898-40FF-8BBF-628237B0E39E}"
EndProject
Global
	GlobalSection(SolutionConfigurationPlatforms) = preSolution
		Debug|Any CPU = Debug|Any CPU
		Release|Any CPU = Release|Any CPU
	EndGlobalSection
	GlobalSection(ProjectConfigurationPlatforms) = postSolution
		{605FBB79-1AF9-48FA-A205-213FD37FC9E6}.Debug|Any CPU.ActiveCfg = Debug|Any CPU
		{605FBB79-1AF9-48FA-A205-213FD37FC9E6}.Debug|Any CPU.Build.0 = Debug|Any CPU
		{605FBB79-1AF9-48FA-A205-213FD37FC9E6}.Release|Any CPU.ActiveCfg = Release|Any CPU
		{605FBB79-1AF9-48FA-A205-213FD37FC9E6}.Release|Any CPU.Build.0 = Release|Any CPU
		{0F0098DE-01A3-4FFA-BEBB-111824D83925}.Debug|Any CPU.ActiveCfg = Debug|Any CPU
		{0F0098DE-01A3-4FFA-BEBB-111824D83925}.Debug|Any CPU.Build.0 = Debug|Any CPU
		{0F0098DE-01A3-4FFA-BEBB-111824D83925}.Release|Any CPU.ActiveCfg = Release|Any CPU
		{0F0098DE-01A3-4FFA-BEBB-111824D83925}.Release|Any CPU.Build.0 = Release|Any CPU
		{0BED2583-B898-40FF-8BBF-628237B0E39E}.Debug|Any CPU.ActiveCfg = Debug|Any CPU
		{0BED2583-B898-40FF-8BBF-628237B0E39E}.Debug|Any CPU.Build.0 = Debug|Any CPU
		{0BED2583-B898-40FF-8BBF-628237B0E39E}.Release|Any CPU.ActiveCfg = Release|Any CPU
		{0BED2583-B898-40FF-8BBF-628237B0E39E}.Release|Any CPU.Build.0 = Release|Any CPU
	EndGlobalSection
EndGlobal
